// !$*UTF8*$!
{
	archiveVersion = 1;
	classes = {
	};
	objectVersion = 50;
	objects = {

/* Begin PBXBuildFile section */
		0256501B2295645A00698E0B /* JobsViewController.swift in Sources */ = {isa = PBXBuildFile; fileRef = 0256501A2295645A00698E0B /* JobsViewController.swift */; };
		0256501F2295647800698E0B /* JobTableViewCell.swift in Sources */ = {isa = PBXBuildFile; fileRef = 0256501D2295647800698E0B /* JobTableViewCell.swift */; };
		025650202295647800698E0B /* JobTableViewCell.xib in Resources */ = {isa = PBXBuildFile; fileRef = 0256501E2295647800698E0B /* JobTableViewCell.xib */; };
		025650232295655E00698E0B /* JobTableViewCellModel.swift in Sources */ = {isa = PBXBuildFile; fileRef = 025650222295655E00698E0B /* JobTableViewCellModel.swift */; };
		02565025229566FA00698E0B /* JobsViewModel.swift in Sources */ = {isa = PBXBuildFile; fileRef = 02565024229566F900698E0B /* JobsViewModel.swift */; };
		0256502F22957A0200698E0B /* UITableViewCell+Extensions.swift in Sources */ = {isa = PBXBuildFile; fileRef = 0256502E22957A0200698E0B /* UITableViewCell+Extensions.swift */; };
		0256503122957ABF00698E0B /* UIView+Extensions.swift in Sources */ = {isa = PBXBuildFile; fileRef = 0256503022957ABF00698E0B /* UIView+Extensions.swift */; };
		0256503322957B6100698E0B /* UITableView+Extensions.swift in Sources */ = {isa = PBXBuildFile; fileRef = 0256503222957B6100698E0B /* UITableView+Extensions.swift */; };
		0256503B2296C0D900698E0B /* Coordinator.swift in Sources */ = {isa = PBXBuildFile; fileRef = 0256503A2296C0D900698E0B /* Coordinator.swift */; };
		0256503D2296C16400698E0B /* Storyboarded.swift in Sources */ = {isa = PBXBuildFile; fileRef = 0256503C2296C16400698E0B /* Storyboarded.swift */; };
		025650402296C21F00698E0B /* MainCoordinator.swift in Sources */ = {isa = PBXBuildFile; fileRef = 0256503F2296C21F00698E0B /* MainCoordinator.swift */; };
		025650472296D49200698E0B /* ActivityIndicator.swift in Sources */ = {isa = PBXBuildFile; fileRef = 025650462296D49200698E0B /* ActivityIndicator.swift */; };
		025650492296ED1300698E0B /* UIViewController+Extensions.swift in Sources */ = {isa = PBXBuildFile; fileRef = 025650482296ED1300698E0B /* UIViewController+Extensions.swift */; };
		0256504B2297DC6400698E0B /* Result+Extensions.swift in Sources */ = {isa = PBXBuildFile; fileRef = 0256504A2297DC6400698E0B /* Result+Extensions.swift */; };
		025650502297E9C100698E0B /* MockJobsListDispatcher.swift in Sources */ = {isa = PBXBuildFile; fileRef = 0256504F2297E9C100698E0B /* MockJobsListDispatcher.swift */; };
		025650522297EC7F00698E0B /* JobsViewModelTests.swift in Sources */ = {isa = PBXBuildFile; fileRef = 025650512297EC7F00698E0B /* JobsViewModelTests.swift */; };
		025650542297F54100698E0B /* JobTableViewCellModelTests.swift in Sources */ = {isa = PBXBuildFile; fileRef = 025650532297F54000698E0B /* JobTableViewCellModelTests.swift */; };
		ACE5E70622945BE40079CA7E /* AppDelegate.swift in Sources */ = {isa = PBXBuildFile; fileRef = ACE5E70522945BE40079CA7E /* AppDelegate.swift */; };
		ACE5E70B22945BE40079CA7E /* Main.storyboard in Resources */ = {isa = PBXBuildFile; fileRef = ACE5E70922945BE40079CA7E /* Main.storyboard */; };
		ACE5E70D22945BE50079CA7E /* Assets.xcassets in Resources */ = {isa = PBXBuildFile; fileRef = ACE5E70C22945BE50079CA7E /* Assets.xcassets */; };
		ACE5E71022945BE50079CA7E /* LaunchScreen.storyboard in Resources */ = {isa = PBXBuildFile; fileRef = ACE5E70E22945BE50079CA7E /* LaunchScreen.storyboard */; };
		ACE5E72922945CAB0079CA7E /* Request.swift in Sources */ = {isa = PBXBuildFile; fileRef = ACE5E72522945CAA0079CA7E /* Request.swift */; };
		ACE5E72A22945CAB0079CA7E /* Dispatcher.swift in Sources */ = {isa = PBXBuildFile; fileRef = ACE5E72622945CAA0079CA7E /* Dispatcher.swift */; };
		ACE5E72B22945CAB0079CA7E /* NetworkError.swift in Sources */ = {isa = PBXBuildFile; fileRef = ACE5E72722945CAA0079CA7E /* NetworkError.swift */; };
		ACE5E730229466BA0079CA7E /* Job.swift in Sources */ = {isa = PBXBuildFile; fileRef = ACE5E72F229466BA0079CA7E /* Job.swift */; };
		ACE5E732229466D70079CA7E /* Address.swift in Sources */ = {isa = PBXBuildFile; fileRef = ACE5E731229466D70079CA7E /* Address.swift */; };
		ACE5E735229475480079CA7E /* JobsListRequest.swift in Sources */ = {isa = PBXBuildFile; fileRef = ACE5E734229475480079CA7E /* JobsListRequest.swift */; };
		ACE5E738229476AF0079CA7E /* HTTPURLResponse+Extensions.swift in Sources */ = {isa = PBXBuildFile; fileRef = ACE5E737229476AF0079CA7E /* HTTPURLResponse+Extensions.swift */; };
		ACE5E73B2294784F0079CA7E /* JobsListDispatcher.swift in Sources */ = {isa = PBXBuildFile; fileRef = ACE5E73A2294784F0079CA7E /* JobsListDispatcher.swift */; };
		ACE5E73D229481B40079CA7E /* JobsList.swift in Sources */ = {isa = PBXBuildFile; fileRef = ACE5E73C229481B40079CA7E /* JobsList.swift */; };
/* End PBXBuildFile section */

/* Begin PBXContainerItemProxy section */
		ACE5E71722945BE50079CA7E /* PBXContainerItemProxy */ = {
			isa = PBXContainerItemProxy;
			containerPortal = ACE5E6FA22945BE40079CA7E /* Project object */;
			proxyType = 1;
			remoteGlobalIDString = ACE5E70122945BE40079CA7E;
			remoteInfo = JobsList;
		};
/* End PBXContainerItemProxy section */

/* Begin PBXFileReference section */
		0256501A2295645A00698E0B /* JobsViewController.swift */ = {isa = PBXFileReference; lastKnownFileType = sourcecode.swift; path = JobsViewController.swift; sourceTree = "<group>"; };
		0256501D2295647800698E0B /* JobTableViewCell.swift */ = {isa = PBXFileReference; lastKnownFileType = sourcecode.swift; path = JobTableViewCell.swift; sourceTree = "<group>"; };
		0256501E2295647800698E0B /* JobTableViewCell.xib */ = {isa = PBXFileReference; lastKnownFileType = file.xib; path = JobTableViewCell.xib; sourceTree = "<group>"; };
		025650222295655E00698E0B /* JobTableViewCellModel.swift */ = {isa = PBXFileReference; lastKnownFileType = sourcecode.swift; path = JobTableViewCellModel.swift; sourceTree = "<group>"; };
		02565024229566F900698E0B /* JobsViewModel.swift */ = {isa = PBXFileReference; lastKnownFileType = sourcecode.swift; path = JobsViewModel.swift; sourceTree = "<group>"; };
		0256502E22957A0200698E0B /* UITableViewCell+Extensions.swift */ = {isa = PBXFileReference; lastKnownFileType = sourcecode.swift; path = "UITableViewCell+Extensions.swift"; sourceTree = "<group>"; };
		0256503022957ABF00698E0B /* UIView+Extensions.swift */ = {isa = PBXFileReference; lastKnownFileType = sourcecode.swift; path = "UIView+Extensions.swift"; sourceTree = "<group>"; };
		0256503222957B6100698E0B /* UITableView+Extensions.swift */ = {isa = PBXFileReference; lastKnownFileType = sourcecode.swift; path = "UITableView+Extensions.swift"; sourceTree = "<group>"; };
		0256503A2296C0D900698E0B /* Coordinator.swift */ = {isa = PBXFileReference; lastKnownFileType = sourcecode.swift; path = Coordinator.swift; sourceTree = "<group>"; };
		0256503C2296C16400698E0B /* Storyboarded.swift */ = {isa = PBXFileReference; lastKnownFileType = sourcecode.swift; path = Storyboarded.swift; sourceTree = "<group>"; };
		0256503F2296C21F00698E0B /* MainCoordinator.swift */ = {isa = PBXFileReference; lastKnownFileType = sourcecode.swift; path = MainCoordinator.swift; sourceTree = "<group>"; };
		025650462296D49200698E0B /* ActivityIndicator.swift */ = {isa = PBXFileReference; lastKnownFileType = sourcecode.swift; path = ActivityIndicator.swift; sourceTree = "<group>"; };
		025650482296ED1300698E0B /* UIViewController+Extensions.swift */ = {isa = PBXFileReference; lastKnownFileType = sourcecode.swift; path = "UIViewController+Extensions.swift"; sourceTree = "<group>"; };
		0256504A2297DC6400698E0B /* Result+Extensions.swift */ = {isa = PBXFileReference; lastKnownFileType = sourcecode.swift; path = "Result+Extensions.swift"; sourceTree = "<group>"; };
		0256504F2297E9C100698E0B /* MockJobsListDispatcher.swift */ = {isa = PBXFileReference; lastKnownFileType = sourcecode.swift; path = MockJobsListDispatcher.swift; sourceTree = "<group>"; };
		025650512297EC7F00698E0B /* JobsViewModelTests.swift */ = {isa = PBXFileReference; lastKnownFileType = sourcecode.swift; path = JobsViewModelTests.swift; sourceTree = "<group>"; };
		025650532297F54000698E0B /* JobTableViewCellModelTests.swift */ = {isa = PBXFileReference; lastKnownFileType = sourcecode.swift; path = JobTableViewCellModelTests.swift; sourceTree = "<group>"; };
		ACE5E70222945BE40079CA7E /* JobsList.app */ = {isa = PBXFileReference; explicitFileType = wrapper.application; includeInIndex = 0; path = JobsList.app; sourceTree = BUILT_PRODUCTS_DIR; };
		ACE5E70522945BE40079CA7E /* AppDelegate.swift */ = {isa = PBXFileReference; lastKnownFileType = sourcecode.swift; path = AppDelegate.swift; sourceTree = "<group>"; };
		ACE5E70A22945BE40079CA7E /* Base */ = {isa = PBXFileReference; lastKnownFileType = file.storyboard; name = Base; path = Base.lproj/Main.storyboard; sourceTree = "<group>"; };
		ACE5E70C22945BE50079CA7E /* Assets.xcassets */ = {isa = PBXFileReference; lastKnownFileType = folder.assetcatalog; path = Assets.xcassets; sourceTree = "<group>"; };
		ACE5E70F22945BE50079CA7E /* Base */ = {isa = PBXFileReference; lastKnownFileType = file.storyboard; name = Base; path = Base.lproj/LaunchScreen.storyboard; sourceTree = "<group>"; };
		ACE5E71122945BE50079CA7E /* Info.plist */ = {isa = PBXFileReference; lastKnownFileType = text.plist.xml; path = Info.plist; sourceTree = "<group>"; };
		ACE5E71622945BE50079CA7E /* JobsListTests.xctest */ = {isa = PBXFileReference; explicitFileType = wrapper.cfbundle; includeInIndex = 0; path = JobsListTests.xctest; sourceTree = BUILT_PRODUCTS_DIR; };
		ACE5E71C22945BE50079CA7E /* Info.plist */ = {isa = PBXFileReference; lastKnownFileType = text.plist.xml; path = Info.plist; sourceTree = "<group>"; };
		ACE5E72522945CAA0079CA7E /* Request.swift */ = {isa = PBXFileReference; fileEncoding = 4; lastKnownFileType = sourcecode.swift; path = Request.swift; sourceTree = "<group>"; };
		ACE5E72622945CAA0079CA7E /* Dispatcher.swift */ = {isa = PBXFileReference; fileEncoding = 4; lastKnownFileType = sourcecode.swift; path = Dispatcher.swift; sourceTree = "<group>"; };
		ACE5E72722945CAA0079CA7E /* NetworkError.swift */ = {isa = PBXFileReference; fileEncoding = 4; lastKnownFileType = sourcecode.swift; path = NetworkError.swift; sourceTree = "<group>"; };
		ACE5E72F229466BA0079CA7E /* Job.swift */ = {isa = PBXFileReference; lastKnownFileType = sourcecode.swift; path = Job.swift; sourceTree = "<group>"; };
		ACE5E731229466D70079CA7E /* Address.swift */ = {isa = PBXFileReference; lastKnownFileType = sourcecode.swift; path = Address.swift; sourceTree = "<group>"; };
		ACE5E734229475480079CA7E /* JobsListRequest.swift */ = {isa = PBXFileReference; lastKnownFileType = sourcecode.swift; path = JobsListRequest.swift; sourceTree = "<group>"; };
		ACE5E737229476AF0079CA7E /* HTTPURLResponse+Extensions.swift */ = {isa = PBXFileReference; lastKnownFileType = sourcecode.swift; path = "HTTPURLResponse+Extensions.swift"; sourceTree = "<group>"; };
		ACE5E73A2294784F0079CA7E /* JobsListDispatcher.swift */ = {isa = PBXFileReference; lastKnownFileType = sourcecode.swift; path = JobsListDispatcher.swift; sourceTree = "<group>"; };
		ACE5E73C229481B40079CA7E /* JobsList.swift */ = {isa = PBXFileReference; lastKnownFileType = sourcecode.swift; path = JobsList.swift; sourceTree = "<group>"; };
/* End PBXFileReference section */

/* Begin PBXFrameworksBuildPhase section */
		ACE5E6FF22945BE40079CA7E /* Frameworks */ = {
			isa = PBXFrameworksBuildPhase;
			buildActionMask = 2147483647;
			files = (
			);
			runOnlyForDeploymentPostprocessing = 0;
		};
		ACE5E71322945BE50079CA7E /* Frameworks */ = {
			isa = PBXFrameworksBuildPhase;
			buildActionMask = 2147483647;
			files = (
			);
			runOnlyForDeploymentPostprocessing = 0;
		};
/* End PBXFrameworksBuildPhase section */

/* Begin PBXGroup section */
		025650172295642D00698E0B /* Scenes */ = {
			isa = PBXGroup;
			children = (
				0256503E2296C20900698E0B /* Abstractions */,
				0256503F2296C21F00698E0B /* MainCoordinator.swift */,
				025650182295643400698E0B /* Jobs */,
			);
			path = Scenes;
			sourceTree = "<group>";
		};
		025650182295643400698E0B /* Jobs */ = {
			isa = PBXGroup;
			children = (
				025650212295650800698E0B /* ViewModel */,
				025650192295644000698E0B /* View */,
			);
			path = Jobs;
			sourceTree = "<group>";
		};
		025650192295644000698E0B /* View */ = {
			isa = PBXGroup;
			children = (
				0256501A2295645A00698E0B /* JobsViewController.swift */,
				0256501C2295646300698E0B /* Cells */,
			);
			path = View;
			sourceTree = "<group>";
		};
		0256501C2295646300698E0B /* Cells */ = {
			isa = PBXGroup;
			children = (
				0256501D2295647800698E0B /* JobTableViewCell.swift */,
				0256501E2295647800698E0B /* JobTableViewCell.xib */,
			);
			path = Cells;
			sourceTree = "<group>";
		};
		025650212295650800698E0B /* ViewModel */ = {
			isa = PBXGroup;
			children = (
				02565024229566F900698E0B /* JobsViewModel.swift */,
				025650222295655E00698E0B /* JobTableViewCellModel.swift */,
			);
			path = ViewModel;
			sourceTree = "<group>";
		};
		0256503E2296C20900698E0B /* Abstractions */ = {
			isa = PBXGroup;
			children = (
				0256503A2296C0D900698E0B /* Coordinator.swift */,
				0256503C2296C16400698E0B /* Storyboarded.swift */,
			);
			path = Abstractions;
			sourceTree = "<group>";
		};
		025650452296D48400698E0B /* Helpers */ = {
			isa = PBXGroup;
			children = (
				025650462296D49200698E0B /* ActivityIndicator.swift */,
			);
			path = Helpers;
			sourceTree = "<group>";
		};
		0256504C2297E79700698E0B /* Mocks */ = {
			isa = PBXGroup;
			children = (
				0256504F2297E9C100698E0B /* MockJobsListDispatcher.swift */,
			);
			path = Mocks;
			sourceTree = "<group>";
		};
		ACE5E6F922945BE40079CA7E = {
			isa = PBXGroup;
			children = (
				ACE5E70422945BE40079CA7E /* JobsList */,
				ACE5E71922945BE50079CA7E /* JobsListTests */,
				ACE5E70322945BE40079CA7E /* Products */,
			);
			sourceTree = "<group>";
		};
		ACE5E70322945BE40079CA7E /* Products */ = {
			isa = PBXGroup;
			children = (
				ACE5E70222945BE40079CA7E /* JobsList.app */,
				ACE5E71622945BE50079CA7E /* JobsListTests.xctest */,
			);
			name = Products;
			sourceTree = "<group>";
		};
		ACE5E70422945BE40079CA7E /* JobsList */ = {
			isa = PBXGroup;
			children = (
				025650452296D48400698E0B /* Helpers */,
				ACE5E736229476900079CA7E /* Extensions */,
				ACE5E72D22945CB20079CA7E /* Networking */,
				ACE5E739229478240079CA7E /* Models */,
				025650172295642D00698E0B /* Scenes */,
				ACE5E70522945BE40079CA7E /* AppDelegate.swift */,
				ACE5E70922945BE40079CA7E /* Main.storyboard */,
				ACE5E70C22945BE50079CA7E /* Assets.xcassets */,
				ACE5E70E22945BE50079CA7E /* LaunchScreen.storyboard */,
				ACE5E71122945BE50079CA7E /* Info.plist */,
			);
			path = JobsList;
			sourceTree = "<group>";
		};
		ACE5E71922945BE50079CA7E /* JobsListTests */ = {
			isa = PBXGroup;
			children = (
				0256504C2297E79700698E0B /* Mocks */,
				025650512297EC7F00698E0B /* JobsViewModelTests.swift */,
				025650532297F54000698E0B /* JobTableViewCellModelTests.swift */,
				ACE5E71C22945BE50079CA7E /* Info.plist */,
			);
			path = JobsListTests;
			sourceTree = "<group>";
		};
		ACE5E72D22945CB20079CA7E /* Networking */ = {
			isa = PBXGroup;
			children = (
				ACE5E72E229460F60079CA7E /* Abstractions */,
				ACE5E733229475380079CA7E /* Jobs */,
			);
			path = Networking;
			sourceTree = "<group>";
		};
		ACE5E72E229460F60079CA7E /* Abstractions */ = {
			isa = PBXGroup;
			children = (
				ACE5E72622945CAA0079CA7E /* Dispatcher.swift */,
				ACE5E72722945CAA0079CA7E /* NetworkError.swift */,
				ACE5E72522945CAA0079CA7E /* Request.swift */,
			);
			path = Abstractions;
			sourceTree = "<group>";
		};
		ACE5E733229475380079CA7E /* Jobs */ = {
			isa = PBXGroup;
			children = (
				ACE5E734229475480079CA7E /* JobsListRequest.swift */,
				ACE5E73A2294784F0079CA7E /* JobsListDispatcher.swift */,
			);
			path = Jobs;
			sourceTree = "<group>";
		};
		ACE5E736229476900079CA7E /* Extensions */ = {
			isa = PBXGroup;
			children = (
				ACE5E737229476AF0079CA7E /* HTTPURLResponse+Extensions.swift */,
				0256502E22957A0200698E0B /* UITableViewCell+Extensions.swift */,
				0256503022957ABF00698E0B /* UIView+Extensions.swift */,
				0256503222957B6100698E0B /* UITableView+Extensions.swift */,
				025650482296ED1300698E0B /* UIViewController+Extensions.swift */,
				0256504A2297DC6400698E0B /* Result+Extensions.swift */,
			);
			path = Extensions;
			sourceTree = "<group>";
		};
		ACE5E739229478240079CA7E /* Models */ = {
			isa = PBXGroup;
			children = (
				ACE5E73C229481B40079CA7E /* JobsList.swift */,
				ACE5E72F229466BA0079CA7E /* Job.swift */,
				ACE5E731229466D70079CA7E /* Address.swift */,
			);
			path = Models;
			sourceTree = "<group>";
		};
/* End PBXGroup section */

/* Begin PBXNativeTarget section */
		ACE5E70122945BE40079CA7E /* JobsList */ = {
			isa = PBXNativeTarget;
			buildConfigurationList = ACE5E71F22945BE50079CA7E /* Build configuration list for PBXNativeTarget "JobsList" */;
			buildPhases = (
				ACE5E6FE22945BE40079CA7E /* Sources */,
				ACE5E6FF22945BE40079CA7E /* Frameworks */,
				ACE5E70022945BE40079CA7E /* Resources */,
			);
			buildRules = (
			);
			dependencies = (
			);
			name = JobsList;
			productName = JobsList;
			productReference = ACE5E70222945BE40079CA7E /* JobsList.app */;
			productType = "com.apple.product-type.application";
		};
		ACE5E71522945BE50079CA7E /* JobsListTests */ = {
			isa = PBXNativeTarget;
			buildConfigurationList = ACE5E72222945BE50079CA7E /* Build configuration list for PBXNativeTarget "JobsListTests" */;
			buildPhases = (
				ACE5E71222945BE50079CA7E /* Sources */,
				ACE5E71322945BE50079CA7E /* Frameworks */,
				ACE5E71422945BE50079CA7E /* Resources */,
			);
			buildRules = (
			);
			dependencies = (
				ACE5E71822945BE50079CA7E /* PBXTargetDependency */,
			);
			name = JobsListTests;
			productName = JobsListTests;
			productReference = ACE5E71622945BE50079CA7E /* JobsListTests.xctest */;
			productType = "com.apple.product-type.bundle.unit-test";
		};
/* End PBXNativeTarget section */

/* Begin PBXProject section */
		ACE5E6FA22945BE40079CA7E /* Project object */ = {
			isa = PBXProject;
			attributes = {
				LastSwiftUpdateCheck = 1020;
				LastUpgradeCheck = 1020;
				ORGANIZATIONNAME = "Vadim Rupets";
				TargetAttributes = {
					ACE5E70122945BE40079CA7E = {
						CreatedOnToolsVersion = 10.2.1;
					};
					ACE5E71522945BE50079CA7E = {
						CreatedOnToolsVersion = 10.2.1;
						TestTargetID = ACE5E70122945BE40079CA7E;
					};
				};
			};
			buildConfigurationList = ACE5E6FD22945BE40079CA7E /* Build configuration list for PBXProject "JobsList" */;
			compatibilityVersion = "Xcode 9.3";
			developmentRegion = en;
			hasScannedForEncodings = 0;
			knownRegions = (
				en,
				Base,
			);
			mainGroup = ACE5E6F922945BE40079CA7E;
			productRefGroup = ACE5E70322945BE40079CA7E /* Products */;
			projectDirPath = "";
			projectRoot = "";
			targets = (
				ACE5E70122945BE40079CA7E /* JobsList */,
				ACE5E71522945BE50079CA7E /* JobsListTests */,
			);
		};
/* End PBXProject section */

/* Begin PBXResourcesBuildPhase section */
		ACE5E70022945BE40079CA7E /* Resources */ = {
			isa = PBXResourcesBuildPhase;
			buildActionMask = 2147483647;
			files = (
				ACE5E71022945BE50079CA7E /* LaunchScreen.storyboard in Resources */,
				ACE5E70D22945BE50079CA7E /* Assets.xcassets in Resources */,
				ACE5E70B22945BE40079CA7E /* Main.storyboard in Resources */,
				025650202295647800698E0B /* JobTableViewCell.xib in Resources */,
			);
			runOnlyForDeploymentPostprocessing = 0;
		};
		ACE5E71422945BE50079CA7E /* Resources */ = {
			isa = PBXResourcesBuildPhase;
			buildActionMask = 2147483647;
			files = (
			);
			runOnlyForDeploymentPostprocessing = 0;
		};
/* End PBXResourcesBuildPhase section */

/* Begin PBXSourcesBuildPhase section */
		ACE5E6FE22945BE40079CA7E /* Sources */ = {
			isa = PBXSourcesBuildPhase;
			buildActionMask = 2147483647;
			files = (
				025650492296ED1300698E0B /* UIViewController+Extensions.swift in Sources */,
				ACE5E72922945CAB0079CA7E /* Request.swift in Sources */,
				025650232295655E00698E0B /* JobTableViewCellModel.swift in Sources */,
				ACE5E738229476AF0079CA7E /* HTTPURLResponse+Extensions.swift in Sources */,
				0256501F2295647800698E0B /* JobTableViewCell.swift in Sources */,
				ACE5E72A22945CAB0079CA7E /* Dispatcher.swift in Sources */,
				ACE5E70622945BE40079CA7E /* AppDelegate.swift in Sources */,
				0256503D2296C16400698E0B /* Storyboarded.swift in Sources */,
				025650402296C21F00698E0B /* MainCoordinator.swift in Sources */,
				02565025229566FA00698E0B /* JobsViewModel.swift in Sources */,
				ACE5E730229466BA0079CA7E /* Job.swift in Sources */,
				0256504B2297DC6400698E0B /* Result+Extensions.swift in Sources */,
				0256501B2295645A00698E0B /* JobsViewController.swift in Sources */,
				ACE5E735229475480079CA7E /* JobsListRequest.swift in Sources */,
				0256503122957ABF00698E0B /* UIView+Extensions.swift in Sources */,
				ACE5E732229466D70079CA7E /* Address.swift in Sources */,
				ACE5E73B2294784F0079CA7E /* JobsListDispatcher.swift in Sources */,
				025650472296D49200698E0B /* ActivityIndicator.swift in Sources */,
				0256503322957B6100698E0B /* UITableView+Extensions.swift in Sources */,
				ACE5E72B22945CAB0079CA7E /* NetworkError.swift in Sources */,
				ACE5E73D229481B40079CA7E /* JobsList.swift in Sources */,
				0256502F22957A0200698E0B /* UITableViewCell+Extensions.swift in Sources */,
				0256503B2296C0D900698E0B /* Coordinator.swift in Sources */,
			);
			runOnlyForDeploymentPostprocessing = 0;
		};
		ACE5E71222945BE50079CA7E /* Sources */ = {
			isa = PBXSourcesBuildPhase;
			buildActionMask = 2147483647;
			files = (
				025650502297E9C100698E0B /* MockJobsListDispatcher.swift in Sources */,
				025650522297EC7F00698E0B /* JobsViewModelTests.swift in Sources */,
				025650542297F54100698E0B /* JobTableViewCellModelTests.swift in Sources */,
			);
			runOnlyForDeploymentPostprocessing = 0;
		};
/* End PBXSourcesBuildPhase section */

/* Begin PBXTargetDependency section */
		ACE5E71822945BE50079CA7E /* PBXTargetDependency */ = {
			isa = PBXTargetDependency;
			target = ACE5E70122945BE40079CA7E /* JobsList */;
			targetProxy = ACE5E71722945BE50079CA7E /* PBXContainerItemProxy */;
		};
/* End PBXTargetDependency section */

/* Begin PBXVariantGroup section */
		ACE5E70922945BE40079CA7E /* Main.storyboard */ = {
			isa = PBXVariantGroup;
			children = (
				ACE5E70A22945BE40079CA7E /* Base */,
			);
			name = Main.storyboard;
			sourceTree = "<group>";
		};
		ACE5E70E22945BE50079CA7E /* LaunchScreen.storyboard */ = {
			isa = PBXVariantGroup;
			children = (
				ACE5E70F22945BE50079CA7E /* Base */,
			);
			name = LaunchScreen.storyboard;
			sourceTree = "<group>";
		};
/* End PBXVariantGroup section */

/* Begin XCBuildConfiguration section */
		ACE5E71D22945BE50079CA7E /* Debug */ = {
			isa = XCBuildConfiguration;
			buildSettings = {
				ALWAYS_SEARCH_USER_PATHS = NO;
				CLANG_ANALYZER_NONNULL = YES;
				CLANG_ANALYZER_NUMBER_OBJECT_CONVERSION = YES_AGGRESSIVE;
				CLANG_CXX_LANGUAGE_STANDARD = "gnu++14";
				CLANG_CXX_LIBRARY = "libc++";
				CLANG_ENABLE_MODULES = YES;
				CLANG_ENABLE_OBJC_ARC = YES;
				CLANG_ENABLE_OBJC_WEAK = YES;
				CLANG_WARN_BLOCK_CAPTURE_AUTORELEASING = YES;
				CLANG_WARN_BOOL_CONVERSION = YES;
				CLANG_WARN_COMMA = YES;
				CLANG_WARN_CONSTANT_CONVERSION = YES;
				CLANG_WARN_DEPRECATED_OBJC_IMPLEMENTATIONS = YES;
				CLANG_WARN_DIRECT_OBJC_ISA_USAGE = YES_ERROR;
				CLANG_WARN_DOCUMENTATION_COMMENTS = YES;
				CLANG_WARN_EMPTY_BODY = YES;
				CLANG_WARN_ENUM_CONVERSION = YES;
				CLANG_WARN_INFINITE_RECURSION = YES;
				CLANG_WARN_INT_CONVERSION = YES;
				CLANG_WARN_NON_LITERAL_NULL_CONVERSION = YES;
				CLANG_WARN_OBJC_IMPLICIT_RETAIN_SELF = YES;
				CLANG_WARN_OBJC_LITERAL_CONVERSION = YES;
				CLANG_WARN_OBJC_ROOT_CLASS = YES_ERROR;
				CLANG_WARN_RANGE_LOOP_ANALYSIS = YES;
				CLANG_WARN_STRICT_PROTOTYPES = YES;
				CLANG_WARN_SUSPICIOUS_MOVE = YES;
				CLANG_WARN_UNGUARDED_AVAILABILITY = YES_AGGRESSIVE;
				CLANG_WARN_UNREACHABLE_CODE = YES;
				CLANG_WARN__DUPLICATE_METHOD_MATCH = YES;
				CODE_SIGN_IDENTITY = "iPhone Developer";
				COPY_PHASE_STRIP = NO;
				DEBUG_INFORMATION_FORMAT = dwarf;
				ENABLE_STRICT_OBJC_MSGSEND = YES;
				ENABLE_TESTABILITY = YES;
				GCC_C_LANGUAGE_STANDARD = gnu11;
				GCC_DYNAMIC_NO_PIC = NO;
				GCC_NO_COMMON_BLOCKS = YES;
				GCC_OPTIMIZATION_LEVEL = 0;
				GCC_PREPROCESSOR_DEFINITIONS = (
					"DEBUG=1",
					"$(inherited)",
				);
				GCC_WARN_64_TO_32_BIT_CONVERSION = YES;
				GCC_WARN_ABOUT_RETURN_TYPE = YES_ERROR;
				GCC_WARN_UNDECLARED_SELECTOR = YES;
				GCC_WARN_UNINITIALIZED_AUTOS = YES_AGGRESSIVE;
				GCC_WARN_UNUSED_FUNCTION = YES;
				GCC_WARN_UNUSED_VARIABLE = YES;
				IPHONEOS_DEPLOYMENT_TARGET = 12.2;
				MTL_ENABLE_DEBUG_INFO = INCLUDE_SOURCE;
				MTL_FAST_MATH = YES;
				ONLY_ACTIVE_ARCH = YES;
				SDKROOT = iphoneos;
				SWIFT_ACTIVE_COMPILATION_CONDITIONS = DEBUG;
				SWIFT_OPTIMIZATION_LEVEL = "-Onone";
			};
			name = Debug;
		};
		ACE5E71E22945BE50079CA7E /* Release */ = {
			isa = XCBuildConfiguration;
			buildSettings = {
				ALWAYS_SEARCH_USER_PATHS = NO;
				CLANG_ANALYZER_NONNULL = YES;
				CLANG_ANALYZER_NUMBER_OBJECT_CONVERSION = YES_AGGRESSIVE;
				CLANG_CXX_LANGUAGE_STANDARD = "gnu++14";
				CLANG_CXX_LIBRARY = "libc++";
				CLANG_ENABLE_MODULES = YES;
				CLANG_ENABLE_OBJC_ARC = YES;
				CLANG_ENABLE_OBJC_WEAK = YES;
				CLANG_WARN_BLOCK_CAPTURE_AUTORELEASING = YES;
				CLANG_WARN_BOOL_CONVERSION = YES;
				CLANG_WARN_COMMA = YES;
				CLANG_WARN_CONSTANT_CONVERSION = YES;
				CLANG_WARN_DEPRECATED_OBJC_IMPLEMENTATIONS = YES;
				CLANG_WARN_DIRECT_OBJC_ISA_USAGE = YES_ERROR;
				CLANG_WARN_DOCUMENTATION_COMMENTS = YES;
				CLANG_WARN_EMPTY_BODY = YES;
				CLANG_WARN_ENUM_CONVERSION = YES;
				CLANG_WARN_INFINITE_RECURSION = YES;
				CLANG_WARN_INT_CONVERSION = YES;
				CLANG_WARN_NON_LITERAL_NULL_CONVERSION = YES;
				CLANG_WARN_OBJC_IMPLICIT_RETAIN_SELF = YES;
				CLANG_WARN_OBJC_LITERAL_CONVERSION = YES;
				CLANG_WARN_OBJC_ROOT_CLASS = YES_ERROR;
				CLANG_WARN_RANGE_LOOP_ANALYSIS = YES;
				CLANG_WARN_STRICT_PROTOTYPES = YES;
				CLANG_WARN_SUSPICIOUS_MOVE = YES;
				CLANG_WARN_UNGUARDED_AVAILABILITY = YES_AGGRESSIVE;
				CLANG_WARN_UNREACHABLE_CODE = YES;
				CLANG_WARN__DUPLICATE_METHOD_MATCH = YES;
				CODE_SIGN_IDENTITY = "iPhone Developer";
				COPY_PHASE_STRIP = NO;
				DEBUG_INFORMATION_FORMAT = "dwarf-with-dsym";
				ENABLE_NS_ASSERTIONS = NO;
				ENABLE_STRICT_OBJC_MSGSEND = YES;
				GCC_C_LANGUAGE_STANDARD = gnu11;
				GCC_NO_COMMON_BLOCKS = YES;
				GCC_WARN_64_TO_32_BIT_CONVERSION = YES;
				GCC_WARN_ABOUT_RETURN_TYPE = YES_ERROR;
				GCC_WARN_UNDECLARED_SELECTOR = YES;
				GCC_WARN_UNINITIALIZED_AUTOS = YES_AGGRESSIVE;
				GCC_WARN_UNUSED_FUNCTION = YES;
				GCC_WARN_UNUSED_VARIABLE = YES;
				IPHONEOS_DEPLOYMENT_TARGET = 12.2;
				MTL_ENABLE_DEBUG_INFO = NO;
				MTL_FAST_MATH = YES;
				SDKROOT = iphoneos;
				SWIFT_COMPILATION_MODE = wholemodule;
				SWIFT_OPTIMIZATION_LEVEL = "-O";
				VALIDATE_PRODUCT = YES;
			};
			name = Release;
		};
		ACE5E72022945BE50079CA7E /* Debug */ = {
			isa = XCBuildConfiguration;
			buildSettings = {
				ASSETCATALOG_COMPILER_APPICON_NAME = AppIcon;
				CODE_SIGN_STYLE = Manual;
				DEVELOPMENT_TEAM = "";
				INFOPLIST_FILE = JobsList/Info.plist;
				LD_RUNPATH_SEARCH_PATHS = (
					"$(inherited)",
					"@executable_path/Frameworks",
				);
				PRODUCT_BUNDLE_IDENTIFIER = com.vadimrupets.JobsList;
				PRODUCT_NAME = "$(TARGET_NAME)";
				PROVISIONING_PROFILE_SPECIFIER = "";
				SWIFT_VERSION = 5.0;
				TARGETED_DEVICE_FAMILY = "1,2";
			};
			name = Debug;
		};
		ACE5E72122945BE50079CA7E /* Release */ = {
			isa = XCBuildConfiguration;
			buildSettings = {
				ASSETCATALOG_COMPILER_APPICON_NAME = AppIcon;
				CODE_SIGN_STYLE = Manual;
				DEVELOPMENT_TEAM = "";
				INFOPLIST_FILE = JobsList/Info.plist;
				LD_RUNPATH_SEARCH_PATHS = (
					"$(inherited)",
					"@executable_path/Frameworks",
				);
				PRODUCT_BUNDLE_IDENTIFIER = com.vadimrupets.JobsList;
				PRODUCT_NAME = "$(TARGET_NAME)";
				PROVISIONING_PROFILE_SPECIFIER = "";
				SWIFT_VERSION = 5.0;
				TARGETED_DEVICE_FAMILY = "1,2";
			};
			name = Release;
		};
		ACE5E72322945BE50079CA7E /* Debug */ = {
			isa = XCBuildConfiguration;
			buildSettings = {
				ALWAYS_EMBED_SWIFT_STANDARD_LIBRARIES = YES;
				BUNDLE_LOADER = "$(TEST_HOST)";
				CODE_SIGN_STYLE = Automatic;
				DEVELOPMENT_TEAM = 2WAAGJTSWL;
				INFOPLIST_FILE = JobsListTests/Info.plist;
				LD_RUNPATH_SEARCH_PATHS = (
					"$(inherited)",
					"@executable_path/Frameworks",
					"@loader_path/Frameworks",
				);
				PRODUCT_BUNDLE_IDENTIFIER = com.vadimrupets.JobsListTests;
				PRODUCT_NAME = "$(TARGET_NAME)";
				SWIFT_VERSION = 5.0;
				TARGETED_DEVICE_FAMILY = "1,2";
				TEST_HOST = "$(BUILT_PRODUCTS_DIR)/JobsList.app/JobsList";
			};
			name = Debug;
		};
		ACE5E72422945BE50079CA7E /* Release */ = {
			isa = XCBuildConfiguration;
			buildSettings = {
				ALWAYS_EMBED_SWIFT_STANDARD_LIBRARIES = YES;
				BUNDLE_LOADER = "$(TEST_HOST)";
				CODE_SIGN_STYLE = Automatic;
				DEVELOPMENT_TEAM = 2WAAGJTSWL;
				INFOPLIST_FILE = JobsListTests/Info.plist;
				LD_RUNPATH_SEARCH_PATHS = (
					"$(inherited)",
					"@executable_path/Frameworks",
					"@loader_path/Frameworks",
				);
				PRODUCT_BUNDLE_IDENTIFIER = com.vadimrupets.JobsListTests;
				PRODUCT_NAME = "$(TARGET_NAME)";
				SWIFT_VERSION = 5.0;
				TARGETED_DEVICE_FAMILY = "1,2";
				TEST_HOST = "$(BUILT_PRODUCTS_DIR)/JobsList.app/JobsList";
			};
			name = Release;
		};
/* End XCBuildConfiguration section */

/* Begin XCConfigurationList section */
		ACE5E6FD22945BE40079CA7E /* Build configuration list for PBXProject "JobsList" */ = {
			isa = XCConfigurationList;
			buildConfigurations = (
				ACE5E71D22945BE50079CA7E /* Debug */,
				ACE5E71E22945BE50079CA7E /* Release */,
			);
			defaultConfigurationIsVisible = 0;
			defaultConfigurationName = Release;
		};
		ACE5E71F22945BE50079CA7E /* Build configuration list for PBXNativeTarget "JobsList" */ = {
			isa = XCConfigurationList;
			buildConfigurations = (
				ACE5E72022945BE50079CA7E /* Debug */,
				ACE5E72122945BE50079CA7E /* Release */,
			);
			defaultConfigurationIsVisible = 0;
			defaultConfigurationName = Release;
		};
		ACE5E72222945BE50079CA7E /* Build configuration list for PBXNativeTarget "JobsListTests" */ = {
			isa = XCConfigurationList;
			buildConfigurations = (
				ACE5E72322945BE50079CA7E /* Debug */,
				ACE5E72422945BE50079CA7E /* Release */,
			);
			defaultConfigurationIsVisible = 0;
			defaultConfigurationName = Release;
		};
/* End XCConfigurationList section */
	};
	rootObject = ACE5E6FA22945BE40079CA7E /* Project object */;
}
